
Microsoft Visual Studio Solution File, Format Version 12.00
# Visual Studio Version 17
VisualStudioVersion = 17.5.33424.131
MinimumVisualStudioVersion = 10.0.40219.1
Project("{FAE04EC0-301F-11D3-BF4B-00C04F79EFBC}") = "GenericsA13", "GenericsA13\GenericsA13.csproj", "{E0C9D359-F71C-4C1E-9CBB-34E0E73D5D69}"
EndProject
Global
	GlobalSection(SolutionConfigurationPlatforms) = preSolution
		Debug|Any CPU = Debug|Any CPU
		Release|Any CPU = Release|Any CPU
	EndGlobalSection
	GlobalSection(ProjectConfigurationPlatforms) = postSolution
		{E0C9D359-F71C-4C1E-9CBB-34E0E73D5D69}.Debug|Any CPU.ActiveCfg = Debug|Any CPU
		{E0C9D359-F71C-4C1E-9CBB-34E0E73D5D69}.Debug|Any CPU.Build.0 = Debug|Any CPU
		{E0C9D359-F71C-4C1E-9CBB-34E0E73D5D69}.Release|Any CPU.ActiveCfg = Release|Any CPU
		{E0C9D359-F71C-4C1E-9CBB-34E0E73D5D69}.Release|Any CPU.Build.0 = Release|Any CPU
	EndGlobalSection
	GlobalSection(SolutionProperties) = preSolution
		HideSolutionNode = FALSE
	EndGlobalSection
	GlobalSection(ExtensibilityGlobals) = postSolution
		SolutionGuid = {8C579FBC-02D4-4AAC-81C0-5648DAB5AD97}
	EndGlobalSection
EndGlobal
